
Microsoft Visual Studio Solution File, Format Version 12.00
# Visual Studio Version 17
Project("{2150E333-8FDC-42A3-9474-1A3956D46DE8}") = "CMakePredefinedTargets", "CMakePredefinedTargets", "{BAEA38A6-7885-345E-A079-EC1C8ABE7FFF}"
EndProject
Project("{2150E333-8FDC-42A3-9474-1A3956D46DE8}") = "GLFW3", "GLFW3", "{715389DB-72C9-347E-AFB7-4A3CFDF2B373}"
EndProject
Project("{8BC9CEB8-8B4A-11D0-8D11-00A0C91BC942}") = "ALL_BUILD", "ALL_BUILD.vcxproj", "{3421F28E-75FB-3CA3-AA50-8C296E900C06}"
	ProjectSection(ProjectDependencies) = postProject
		{F133A9C5-6B78-3A61-AA2F-50D4479FF422} = {F133A9C5-6B78-3A61-AA2F-50D4479FF422}
		{E9E31323-3866-3FE1-B2F3-BBB8A64839AE} = {E9E31323-3866-3FE1-B2F3-BBB8A64839AE}
		{BA1B766E-0C2F-3852-B939-61E9EE4044FB} = {BA1B766E-0C2F-3852-B939-61E9EE4044FB}
		{F146B689-5730-3881-A7BB-7F229F2DD366} = {F146B689-5730-3881-A7BB-7F229F2DD366}
		{0B7BF843-9A9E-35D4-B5E7-182A974585BB} = {0B7BF843-9A9E-35D4-B5E7-182A974585BB}
	EndProjectSection
EndProject
Project("{8BC9CEB8-8B4A-11D0-8D11-00A0C91BC942}") = "INSTALL", "INSTALL.vcxproj", "{27A59903-DBFF-30A7-A5A6-1188F40EE638}"
	ProjectSection(ProjectDependencies) = postProject
		{3421F28E-75FB-3CA3-AA50-8C296E900C06} = {3421F28E-75FB-3CA3-AA50-8C296E900C06}
		{E9E31323-3866-3FE1-B2F3-BBB8A64839AE} = {E9E31323-3866-3FE1-B2F3-BBB8A64839AE}
	EndProjectSection
EndProject
Project("{8BC9CEB8-8B4A-11D0-8D11-00A0C91BC942}") = "MarioEngine", "MarioEngine.vcxproj", "{F133A9C5-6B78-3A61-AA2F-50D4479FF422}"
	ProjectSection(ProjectDependencies) = postProject
		{E9E31323-3866-3FE1-B2F3-BBB8A64839AE} = {E9E31323-3866-3FE1-B2F3-BBB8A64839AE}
		{BA1B766E-0C2F-3852-B939-61E9EE4044FB} = {BA1B766E-0C2F-3852-B939-61E9EE4044FB}
		{F146B689-5730-3881-A7BB-7F229F2DD366} = {F146B689-5730-3881-A7BB-7F229F2DD366}
		{0B7BF843-9A9E-35D4-B5E7-182A974585BB} = {0B7BF843-9A9E-35D4-B5E7-182A974585BB}
	EndProjectSection
EndProject
Project("{8BC9CEB8-8B4A-11D0-8D11-00A0C91BC942}") = "PACKAGE", "PACKAGE.vcxproj", "{04531C00-86E8-3980-9800-EAFB6EE03CA1}"
	ProjectSection(ProjectDependencies) = postProject
		{3421F28E-75FB-3CA3-AA50-8C296E900C06} = {3421F28E-75FB-3CA3-AA50-8C296E900C06}
		{E9E31323-3866-3FE1-B2F3-BBB8A64839AE} = {E9E31323-3866-3FE1-B2F3-BBB8A64839AE}
	EndProjectSection
EndProject
Project("{8BC9CEB8-8B4A-11D0-8D11-00A0C91BC942}") = "ZERO_CHECK", "ZERO_CHECK.vcxproj", "{E9E31323-3866-3FE1-B2F3-BBB8A64839AE}"
	ProjectSection(ProjectDependencies) = postProject
	EndProjectSection
EndProject
Project("{8BC9CEB8-8B4A-11D0-8D11-00A0C91BC942}") = "glad", "_deps\glad-build\glad.vcxproj", "{BA1B766E-0C2F-3852-B939-61E9EE4044FB}"
	ProjectSection(ProjectDependencies) = postProject
		{E9E31323-3866-3FE1-B2F3-BBB8A64839AE} = {E9E31323-3866-3FE1-B2F3-BBB8A64839AE}
		{44802FFF-A3D1-3C54-8742-F8CE15F94294} = {44802FFF-A3D1-3C54-8742-F8CE15F94294}
	EndProjectSection
EndProject
Project("{8BC9CEB8-8B4A-11D0-8D11-00A0C91BC942}") = "glad-generate-files", "_deps\glad-build\glad-generate-files.vcxproj", "{44802FFF-A3D1-3C54-8742-F8CE15F94294}"
	ProjectSection(ProjectDependencies) = postProject
		{E9E31323-3866-3FE1-B2F3-BBB8A64839AE} = {E9E31323-3866-3FE1-B2F3-BBB8A64839AE}
	EndProjectSection
EndProject
Project("{8BC9CEB8-8B4A-11D0-8D11-00A0C91BC942}") = "glfw", "_deps\glfw-build\src\glfw.vcxproj", "{F146B689-5730-3881-A7BB-7F229F2DD366}"
	ProjectSection(ProjectDependencies) = postProject
		{E9E31323-3866-3FE1-B2F3-BBB8A64839AE} = {E9E31323-3866-3FE1-B2F3-BBB8A64839AE}
	EndProjectSection
EndProject
Project("{8BC9CEB8-8B4A-11D0-8D11-00A0C91BC942}") = "imgui", "imgui.vcxproj", "{0B7BF843-9A9E-35D4-B5E7-182A974585BB}"
	ProjectSection(ProjectDependencies) = postProject
		{E9E31323-3866-3FE1-B2F3-BBB8A64839AE} = {E9E31323-3866-3FE1-B2F3-BBB8A64839AE}
		{BA1B766E-0C2F-3852-B939-61E9EE4044FB} = {BA1B766E-0C2F-3852-B939-61E9EE4044FB}
		{F146B689-5730-3881-A7BB-7F229F2DD366} = {F146B689-5730-3881-A7BB-7F229F2DD366}
	EndProjectSection
EndProject
Project("{8BC9CEB8-8B4A-11D0-8D11-00A0C91BC942}") = "uninstall", "_deps\glfw-build\uninstall.vcxproj", "{550C7E47-D2B7-3E92-896C-26735D8887B6}"
	ProjectSection(ProjectDependencies) = postProject
		{E9E31323-3866-3FE1-B2F3-BBB8A64839AE} = {E9E31323-3866-3FE1-B2F3-BBB8A64839AE}
	EndProjectSection
EndProject
Project("{8BC9CEB8-8B4A-11D0-8D11-00A0C91BC942}") = "update_mappings", "_deps\glfw-build\src\update_mappings.vcxproj", "{7458592D-742D-3023-AF41-4C060F04A7E4}"
	ProjectSection(ProjectDependencies) = postProject
		{E9E31323-3866-3FE1-B2F3-BBB8A64839AE} = {E9E31323-3866-3FE1-B2F3-BBB8A64839AE}
	EndProjectSection
EndProject
Global
	GlobalSection(SolutionConfigurationPlatforms) = preSolution
		Debug|x64 = Debug|x64
		Release|x64 = Release|x64
		MinSizeRel|x64 = MinSizeRel|x64
		RelWithDebInfo|x64 = RelWithDebInfo|x64
	EndGlobalSection
	GlobalSection(ProjectConfigurationPlatforms) = postSolution
		{3421F28E-75FB-3CA3-AA50-8C296E900C06}.Debug|x64.ActiveCfg = Debug|x64
		{3421F28E-75FB-3CA3-AA50-8C296E900C06}.Debug|x64.Build.0 = Debug|x64
		{3421F28E-75FB-3CA3-AA50-8C296E900C06}.Release|x64.ActiveCfg = Release|x64
		{3421F28E-75FB-3CA3-AA50-8C296E900C06}.Release|x64.Build.0 = Release|x64
		{3421F28E-75FB-3CA3-AA50-8C296E900C06}.MinSizeRel|x64.ActiveCfg = MinSizeRel|x64
		{3421F28E-75FB-3CA3-AA50-8C296E900C06}.MinSizeRel|x64.Build.0 = MinSizeRel|x64
		{3421F28E-75FB-3CA3-AA50-8C296E900C06}.RelWithDebInfo|x64.ActiveCfg = RelWithDebInfo|x64
		{3421F28E-75FB-3CA3-AA50-8C296E900C06}.RelWithDebInfo|x64.Build.0 = RelWithDebInfo|x64
		{27A59903-DBFF-30A7-A5A6-1188F40EE638}.Debug|x64.ActiveCfg = Debug|x64
		{27A59903-DBFF-30A7-A5A6-1188F40EE638}.Release|x64.ActiveCfg = Release|x64
		{27A59903-DBFF-30A7-A5A6-1188F40EE638}.MinSizeRel|x64.ActiveCfg = MinSizeRel|x64
		{27A59903-DBFF-30A7-A5A6-1188F40EE638}.RelWithDebInfo|x64.ActiveCfg = RelWithDebInfo|x64
		{F133A9C5-6B78-3A61-AA2F-50D4479FF422}.Debug|x64.ActiveCfg = Debug|x64
		{F133A9C5-6B78-3A61-AA2F-50D4479FF422}.Debug|x64.Build.0 = Debug|x64
		{F133A9C5-6B78-3A61-AA2F-50D4479FF422}.Release|x64.ActiveCfg = Release|x64
		{F133A9C5-6B78-3A61-AA2F-50D4479FF422}.Release|x64.Build.0 = Release|x64
		{F133A9C5-6B78-3A61-AA2F-50D4479FF422}.MinSizeRel|x64.ActiveCfg = MinSizeRel|x64
		{F133A9C5-6B78-3A61-AA2F-50D4479FF422}.MinSizeRel|x64.Build.0 = MinSizeRel|x64
		{F133A9C5-6B78-3A61-AA2F-50D4479FF422}.RelWithDebInfo|x64.ActiveCfg = RelWithDebInfo|x64
		{F133A9C5-6B78-3A61-AA2F-50D4479FF422}.RelWithDebInfo|x64.Build.0 = RelWithDebInfo|x64
		{04531C00-86E8-3980-9800-EAFB6EE03CA1}.Debug|x64.ActiveCfg = Debug|x64
		{04531C00-86E8-3980-9800-EAFB6EE03CA1}.Release|x64.ActiveCfg = Release|x64
		{04531C00-86E8-3980-9800-EAFB6EE03CA1}.MinSizeRel|x64.ActiveCfg = MinSizeRel|x64
		{04531C00-86E8-3980-9800-EAFB6EE03CA1}.RelWithDebInfo|x64.ActiveCfg = RelWithDebInfo|x64
		{E9E31323-3866-3FE1-B2F3-BBB8A64839AE}.Debug|x64.ActiveCfg = Debug|x64
		{E9E31323-3866-3FE1-B2F3-BBB8A64839AE}.Debug|x64.Build.0 = Debug|x64
		{E9E31323-3866-3FE1-B2F3-BBB8A64839AE}.Release|x64.ActiveCfg = Release|x64
		{E9E31323-3866-3FE1-B2F3-BBB8A64839AE}.Release|x64.Build.0 = Release|x64
		{E9E31323-3866-3FE1-B2F3-BBB8A64839AE}.MinSizeRel|x64.ActiveCfg = MinSizeRel|x64
		{E9E31323-3866-3FE1-B2F3-BBB8A64839AE}.MinSizeRel|x64.Build.0 = MinSizeRel|x64
		{E9E31323-3866-3FE1-B2F3-BBB8A64839AE}.RelWithDebInfo|x64.ActiveCfg = RelWithDebInfo|x64
		{E9E31323-3866-3FE1-B2F3-BBB8A64839AE}.RelWithDebInfo|x64.Build.0 = RelWithDebInfo|x64
		{BA1B766E-0C2F-3852-B939-61E9EE4044FB}.Debug|x64.ActiveCfg = Debug|x64
		{BA1B766E-0C2F-3852-B939-61E9EE4044FB}.Debug|x64.Build.0 = Debug|x64
		{BA1B766E-0C2F-3852-B939-61E9EE4044FB}.Release|x64.ActiveCfg = Release|x64
		{BA1B766E-0C2F-3852-B939-61E9EE4044FB}.Release|x64.Build.0 = Release|x64
		{BA1B766E-0C2F-3852-B939-61E9EE4044FB}.MinSizeRel|x64.ActiveCfg = MinSizeRel|x64
		{BA1B766E-0C2F-3852-B939-61E9EE4044FB}.MinSizeRel|x64.Build.0 = MinSizeRel|x64
		{BA1B766E-0C2F-3852-B939-61E9EE4044FB}.RelWithDebInfo|x64.ActiveCfg = RelWithDebInfo|x64
		{BA1B766E-0C2F-3852-B939-61E9EE4044FB}.RelWithDebInfo|x64.Build.0 = RelWithDebInfo|x64
		{44802FFF-A3D1-3C54-8742-F8CE15F94294}.Debug|x64.ActiveCfg = Debug|x64
		{44802FFF-A3D1-3C54-8742-F8CE15F94294}.Debug|x64.Build.0 = Debug|x64
		{44802FFF-A3D1-3C54-8742-F8CE15F94294}.Release|x64.ActiveCfg = Release|x64
		{44802FFF-A3D1-3C54-8742-F8CE15F94294}.Release|x64.Build.0 = Release|x64
		{44802FFF-A3D1-3C54-8742-F8CE15F94294}.MinSizeRel|x64.ActiveCfg = MinSizeRel|x64
		{44802FFF-A3D1-3C54-8742-F8CE15F94294}.MinSizeRel|x64.Build.0 = MinSizeRel|x64
		{44802FFF-A3D1-3C54-8742-F8CE15F94294}.RelWithDebInfo|x64.ActiveCfg = RelWithDebInfo|x64
		{44802FFF-A3D1-3C54-8742-F8CE15F94294}.RelWithDebInfo|x64.Build.0 = RelWithDebInfo|x64
		{F146B689-5730-3881-A7BB-7F229F2DD366}.Debug|x64.ActiveCfg = Debug|x64
		{F146B689-5730-3881-A7BB-7F229F2DD366}.Debug|x64.Build.0 = Debug|x64
		{F146B689-5730-3881-A7BB-7F229F2DD366}.Release|x64.ActiveCfg = Release|x64
		{F146B689-5730-3881-A7BB-7F229F2DD366}.Release|x64.Build.0 = Release|x64
		{F146B689-5730-3881-A7BB-7F229F2DD366}.MinSizeRel|x64.ActiveCfg = MinSizeRel|x64
		{F146B689-5730-3881-A7BB-7F229F2DD366}.MinSizeRel|x64.Build.0 = MinSizeRel|x64
		{F146B689-5730-3881-A7BB-7F229F2DD366}.RelWithDebInfo|x64.ActiveCfg = RelWithDebInfo|x64
		{F146B689-5730-3881-A7BB-7F229F2DD366}.RelWithDebInfo|x64.Build.0 = RelWithDebInfo|x64
		{0B7BF843-9A9E-35D4-B5E7-182A974585BB}.Debug|x64.ActiveCfg = Debug|x64
		{0B7BF843-9A9E-35D4-B5E7-182A974585BB}.Debug|x64.Build.0 = Debug|x64
		{0B7BF843-9A9E-35D4-B5E7-182A974585BB}.Release|x64.ActiveCfg = Release|x64
		{0B7BF843-9A9E-35D4-B5E7-182A974585BB}.Release|x64.Build.0 = Release|x64
		{0B7BF843-9A9E-35D4-B5E7-182A974585BB}.MinSizeRel|x64.ActiveCfg = MinSizeRel|x64
		{0B7BF843-9A9E-35D4-B5E7-182A974585BB}.MinSizeRel|x64.Build.0 = MinSizeRel|x64
		{0B7BF843-9A9E-35D4-B5E7-182A974585BB}.RelWithDebInfo|x64.ActiveCfg = RelWithDebInfo|x64
		{0B7BF843-9A9E-35D4-B5E7-182A974585BB}.RelWithDebInfo|x64.Build.0 = RelWithDebInfo|x64
		{550C7E47-D2B7-3E92-896C-26735D8887B6}.Debug|x64.ActiveCfg = Debug|x64
		{550C7E47-D2B7-3E92-896C-26735D8887B6}.Release|x64.ActiveCfg = Release|x64
		{550C7E47-D2B7-3E92-896C-26735D8887B6}.MinSizeRel|x64.ActiveCfg = MinSizeRel|x64
		{550C7E47-D2B7-3E92-896C-26735D8887B6}.RelWithDebInfo|x64.ActiveCfg = RelWithDebInfo|x64
		{7458592D-742D-3023-AF41-4C060F04A7E4}.Debug|x64.ActiveCfg = Debug|x64
		{7458592D-742D-3023-AF41-4C060F04A7E4}.Release|x64.ActiveCfg = Release|x64
		{7458592D-742D-3023-AF41-4C060F04A7E4}.MinSizeRel|x64.ActiveCfg = MinSizeRel|x64
		{7458592D-742D-3023-AF41-4C060F04A7E4}.RelWithDebInfo|x64.ActiveCfg = RelWithDebInfo|x64
	EndGlobalSection
	GlobalSection(NestedProjects) = preSolution
		{3421F28E-75FB-3CA3-AA50-8C296E900C06} = {BAEA38A6-7885-345E-A079-EC1C8ABE7FFF}
		{27A59903-DBFF-30A7-A5A6-1188F40EE638} = {BAEA38A6-7885-345E-A079-EC1C8ABE7FFF}
		{04531C00-86E8-3980-9800-EAFB6EE03CA1} = {BAEA38A6-7885-345E-A079-EC1C8ABE7FFF}
		{E9E31323-3866-3FE1-B2F3-BBB8A64839AE} = {BAEA38A6-7885-345E-A079-EC1C8ABE7FFF}
		{F146B689-5730-3881-A7BB-7F229F2DD366} = {715389DB-72C9-347E-AFB7-4A3CFDF2B373}
		{550C7E47-D2B7-3E92-896C-26735D8887B6} = {715389DB-72C9-347E-AFB7-4A3CFDF2B373}
		{7458592D-742D-3023-AF41-4C060F04A7E4} = {715389DB-72C9-347E-AFB7-4A3CFDF2B373}
	EndGlobalSection
	GlobalSection(ExtensibilityGlobals) = postSolution
		SolutionGuid = {01CD97C9-CCA4-3A2F-83D4-1A49E5647955}
	EndGlobalSection
	GlobalSection(ExtensibilityAddIns) = postSolution
	EndGlobalSection
EndGlobal
