<?xml version="1.0" encoding="utf-8"?>
<Project ToolsVersion="17.0" xmlns="http://schemas.microsoft.com/developer/msbuild/2003">
  <ItemGroup>
    <ClCompile Include="C:\EVIROMENT\M\Oxides\OxideEngine\src\main.cpp">
      <Filter>Source Files</Filter>
    </ClCompile>
    <ClCompile Include="C:\EVIROMENT\M\Oxides\OxideEngine\src\camera\camera.cpp">
      <Filter>Source Files</Filter>
    </ClCompile>
    <ClCompile Include="C:\EVIROMENT\M\Oxides\OxideEngine\src\utils\math_utils.cpp">
      <Filter>Source Files</Filter>
    </ClCompile>
    <ClCompile Include="C:\EVIROMENT\M\Oxides\OxideEngine\src\shaders\shader.cpp">
      <Filter>Source Files</Filter>
    </ClCompile>
    <ClCompile Include="C:\EVIROMENT\M\Oxides\OxideEngine\src\project\project_manager.cpp">
      <Filter>Source Files</Filter>
    </ClCompile>
  </ItemGroup>
  <ItemGroup>
    <CustomBuild Include="C:\EVIROMENT\M\Oxides\OxideEngine\CMakeLists.txt" />
  </ItemGroup>
  <ItemGroup>
    <Filter Include="Source Files">
      <UniqueIdentifier>{1943170B-71E7-3109-8CA4-18499B516816}</UniqueIdentifier>
    </Filter>
  </ItemGroup>
</Project>
