<?xml version="1.0" encoding="utf-8"?>
<Project ToolsVersion="17.0" xmlns="http://schemas.microsoft.com/developer/msbuild/2003">
  <ItemGroup>
    <ClCompile Include="D:\EVIROMENT\Oxide\OxideEngine\src\main.cpp">
      <Filter>Source Files</Filter>
    </ClCompile>
    <ClCompile Include="D:\EVIROMENT\Oxide\OxideEngine\src\camera\camera.cpp">
      <Filter>Source Files</Filter>
    </ClCompile>
    <ClCompile Include="D:\EVIROMENT\Oxide\OxideEngine\src\utils\math_utils.cpp">
      <Filter>Source Files</Filter>
    </ClCompile>
    <ClCompile Include="D:\EVIROMENT\Oxide\OxideEngine\src\shaders\shader.cpp">
      <Filter>Source Files</Filter>
    </ClCompile>
    <ClCompile Include="D:\EVIROMENT\Oxide\OxideEngine\src\project\project_manager.cpp">
      <Filter>Source Files</Filter>
    </ClCompile>
  </ItemGroup>
  <ItemGroup>
    <CustomBuild Include="D:\EVIROMENT\Oxide\OxideEngine\CMakeLists.txt" />
  </ItemGroup>
  <ItemGroup>
    <Filter Include="Source Files">
      <UniqueIdentifier>{E1F078D7-26D8-310B-BD3A-BEC1E25FC17F}</UniqueIdentifier>
    </Filter>
  </ItemGroup>
</Project>
