<?xml version="1.0" encoding="utf-8"?>
<Project ToolsVersion="17.0" xmlns="http://schemas.microsoft.com/developer/msbuild/2003">
  <ItemGroup>
    <CustomBuild Include="D:\AI\Pysics\build-msvc-x64\CMakeFiles\aa5d4e1020b819798d4d17b656f8c814\generate.stamp.rule">
      <Filter>CMake Rules</Filter>
    </CustomBuild>
  </ItemGroup>
  <ItemGroup>
    <Filter Include="CMake Rules">
      <UniqueIdentifier>{65140361-44ED-3E0C-992E-D968C65A1FEF}</UniqueIdentifier>
    </Filter>
  </ItemGroup>
</Project>
